// !$*UTF8*$!
{
	archiveVersion = 1;
	classes = {
	};
	objectVersion = 50;
	objects = {

/* Begin PBXBuildFile section */
		3C1F222720AAB2DF00A9A1E0 /* Alamofire.framework in Embed Libraries */ = {isa = PBXBuildFile; fileRef = 3C1F221920AAB01400A9A1E0 /* Alamofire.framework */; settings = {ATTRIBUTES = (CodeSignOnCopy, RemoveHeadersOnCopy, ); }; };
		3C1F222820AAB2DF00A9A1E0 /* ObjectMapper.framework in Embed Libraries */ = {isa = PBXBuildFile; fileRef = 3C1F221C20AAB01500A9A1E0 /* ObjectMapper.framework */; settings = {ATTRIBUTES = (CodeSignOnCopy, RemoveHeadersOnCopy, ); }; };
		3C1F222920AAB2DF00A9A1E0 /* PKHUD.framework in Embed Libraries */ = {isa = PBXBuildFile; fileRef = 3C1F221F20AAB01500A9A1E0 /* PKHUD.framework */; settings = {ATTRIBUTES = (CodeSignOnCopy, RemoveHeadersOnCopy, ); }; };
		3C1F222A20AAB2DF00A9A1E0 /* Realm.framework in Embed Libraries */ = {isa = PBXBuildFile; fileRef = 3C1F221D20AAB01500A9A1E0 /* Realm.framework */; settings = {ATTRIBUTES = (CodeSignOnCopy, RemoveHeadersOnCopy, ); }; };
		3C1F222B20AAB2DF00A9A1E0 /* RealmSwift.framework in Embed Libraries */ = {isa = PBXBuildFile; fileRef = 3C1F221A20AAB01500A9A1E0 /* RealmSwift.framework */; settings = {ATTRIBUTES = (CodeSignOnCopy, RemoveHeadersOnCopy, ); }; };
		3C1F222C20AAB2DF00A9A1E0 /* SwiftyJSON.framework in Embed Libraries */ = {isa = PBXBuildFile; fileRef = 3C1F221B20AAB01500A9A1E0 /* SwiftyJSON.framework */; settings = {ATTRIBUTES = (CodeSignOnCopy, RemoveHeadersOnCopy, ); }; };
		3C1F222D20AAB2DF00A9A1E0 /* Valet.framework in Embed Libraries */ = {isa = PBXBuildFile; fileRef = 3C1F221E20AAB01500A9A1E0 /* Valet.framework */; settings = {ATTRIBUTES = (CodeSignOnCopy, RemoveHeadersOnCopy, ); }; };
		3C1F222E20AAB2DF00A9A1E0 /* Reachability.framework in Embed Libraries */ = {isa = PBXBuildFile; fileRef = 3C1F221720AAAFF500A9A1E0 /* Reachability.framework */; settings = {ATTRIBUTES = (CodeSignOnCopy, RemoveHeadersOnCopy, ); }; };
		3C8394BA215B96AE000DF3DF /* Alamofire.framework in Frameworks */ = {isa = PBXBuildFile; fileRef = 3C1F221920AAB01400A9A1E0 /* Alamofire.framework */; };
		3C8394BB215B96AE000DF3DF /* ObjectMapper.framework in Frameworks */ = {isa = PBXBuildFile; fileRef = 3C1F221C20AAB01500A9A1E0 /* ObjectMapper.framework */; };
		3C8394BC215B96AE000DF3DF /* PKHUD.framework in Frameworks */ = {isa = PBXBuildFile; fileRef = 3C1F221F20AAB01500A9A1E0 /* PKHUD.framework */; };
		3C8394BD215B96AE000DF3DF /* Reachability.framework in Frameworks */ = {isa = PBXBuildFile; fileRef = 3C1F221720AAAFF500A9A1E0 /* Reachability.framework */; };
		3C8394BE215B96AE000DF3DF /* Realm.framework in Frameworks */ = {isa = PBXBuildFile; fileRef = 3C1F221D20AAB01500A9A1E0 /* Realm.framework */; };
		3C8394BF215B96AE000DF3DF /* RealmSwift.framework in Frameworks */ = {isa = PBXBuildFile; fileRef = 3C1F221A20AAB01500A9A1E0 /* RealmSwift.framework */; };
		3C8394C0215B96AE000DF3DF /* SwiftyJSON.framework in Frameworks */ = {isa = PBXBuildFile; fileRef = 3C1F221B20AAB01500A9A1E0 /* SwiftyJSON.framework */; };
		3C8394C1215B96AE000DF3DF /* Valet.framework in Frameworks */ = {isa = PBXBuildFile; fileRef = 3C1F221E20AAB01500A9A1E0 /* Valet.framework */; };
		914ED3182088A20700F6C42D /* AppDelegate.m in Sources */ = {isa = PBXBuildFile; fileRef = 914ED3172088A20700F6C42D /* AppDelegate.m */; };
		914ED31B2088A20700F6C42D /* ViewController.m in Sources */ = {isa = PBXBuildFile; fileRef = 914ED31A2088A20700F6C42D /* ViewController.m */; };
		914ED31E2088A20700F6C42D /* Main.storyboard in Resources */ = {isa = PBXBuildFile; fileRef = 914ED31C2088A20700F6C42D /* Main.storyboard */; };
		914ED3202088A20800F6C42D /* Assets.xcassets in Resources */ = {isa = PBXBuildFile; fileRef = 914ED31F2088A20800F6C42D /* Assets.xcassets */; };
		914ED3232088A20800F6C42D /* LaunchScreen.storyboard in Resources */ = {isa = PBXBuildFile; fileRef = 914ED3212088A20800F6C42D /* LaunchScreen.storyboard */; };
		914ED3262088A20800F6C42D /* main.m in Sources */ = {isa = PBXBuildFile; fileRef = 914ED3252088A20800F6C42D /* main.m */; };
		91955FF5208874360076318E /* AppDelegate.swift in Sources */ = {isa = PBXBuildFile; fileRef = 91955FF4208874360076318E /* AppDelegate.swift */; };
		91955FF7208874360076318E /* ViewController.swift in Sources */ = {isa = PBXBuildFile; fileRef = 91955FF6208874360076318E /* ViewController.swift */; };
		91955FFA208874360076318E /* Main.storyboard in Resources */ = {isa = PBXBuildFile; fileRef = 91955FF8208874360076318E /* Main.storyboard */; };
		91955FFC208874370076318E /* Assets.xcassets in Resources */ = {isa = PBXBuildFile; fileRef = 91955FFB208874370076318E /* Assets.xcassets */; };
		91955FFF208874370076318E /* LaunchScreen.storyboard in Resources */ = {isa = PBXBuildFile; fileRef = 91955FFD208874370076318E /* LaunchScreen.storyboard */; };
		91A1099E208DD141003FDF8C /* QLiEERMobileOrderSDK.framework in Frameworks */ = {isa = PBXBuildFile; fileRef = 91A1099C208DD140003FDF8C /* QLiEERMobileOrderSDK.framework */; };
		91A1099F208DD145003FDF8C /* QLiEERMobileOrderSDK.framework in Frameworks */ = {isa = PBXBuildFile; fileRef = 91A1099C208DD140003FDF8C /* QLiEERMobileOrderSDK.framework */; };
		91A109A0208DD145003FDF8C /* QLiEERMobileOrderSDK.framework in Embed Frameworks */ = {isa = PBXBuildFile; fileRef = 91A1099C208DD140003FDF8C /* QLiEERMobileOrderSDK.framework */; settings = {ATTRIBUTES = (CodeSignOnCopy, RemoveHeadersOnCopy, ); }; };
		91A109D4208DDEE2003FDF8C /* QLiEERMobileOrderSDK.framework in Frameworks */ = {isa = PBXBuildFile; fileRef = 91A1099C208DD140003FDF8C /* QLiEERMobileOrderSDK.framework */; };
		91A109D5208DDEE2003FDF8C /* QLiEERMobileOrderSDK.framework in Embed Libraries */ = {isa = PBXBuildFile; fileRef = 91A1099C208DD140003FDF8C /* QLiEERMobileOrderSDK.framework */; settings = {ATTRIBUTES = (CodeSignOnCopy, RemoveHeadersOnCopy, ); }; };
/* End PBXBuildFile section */

/* Begin PBXCopyFilesBuildPhase section */
		913304EB208D8DA20036BF7F /* Embed Frameworks */ = {
			isa = PBXCopyFilesBuildPhase;
			buildActionMask = 2147483647;
			dstPath = "";
			dstSubfolderSpec = 10;
			files = (
				91A109A0208DD145003FDF8C /* QLiEERMobileOrderSDK.framework in Embed Frameworks */,
			);
			name = "Embed Frameworks";
			runOnlyForDeploymentPostprocessing = 0;
		};
		91AA4625208DC1DF00A8C671 /* Embed Libraries */ = {
			isa = PBXCopyFilesBuildPhase;
			buildActionMask = 2147483647;
			dstPath = "";
			dstSubfolderSpec = 10;
			files = (
				3C1F222720AAB2DF00A9A1E0 /* Alamofire.framework in Embed Libraries */,
				3C1F222820AAB2DF00A9A1E0 /* ObjectMapper.framework in Embed Libraries */,
				3C1F222920AAB2DF00A9A1E0 /* PKHUD.framework in Embed Libraries */,
				3C1F222A20AAB2DF00A9A1E0 /* Realm.framework in Embed Libraries */,
				3C1F222B20AAB2DF00A9A1E0 /* RealmSwift.framework in Embed Libraries */,
				3C1F222C20AAB2DF00A9A1E0 /* SwiftyJSON.framework in Embed Libraries */,
				3C1F222D20AAB2DF00A9A1E0 /* Valet.framework in Embed Libraries */,
				3C1F222E20AAB2DF00A9A1E0 /* Reachability.framework in Embed Libraries */,
				91A109D5208DDEE2003FDF8C /* QLiEERMobileOrderSDK.framework in Embed Libraries */,
			);
			name = "Embed Libraries";
			runOnlyForDeploymentPostprocessing = 0;
		};
/* End PBXCopyFilesBuildPhase section */

/* Begin PBXFileReference section */
		3C1F221720AAAFF500A9A1E0 /* Reachability.framework */ = {isa = PBXFileReference; lastKnownFileType = wrapper.framework; name = Reachability.framework; path = HelloSwiftSDK/QLiEERMobileOrderSDK.framework/Frameworks/Reachability.framework; sourceTree = SOURCE_ROOT; };
		3C1F221920AAB01400A9A1E0 /* Alamofire.framework */ = {isa = PBXFileReference; lastKnownFileType = wrapper.framework; name = Alamofire.framework; path = HelloSwiftSDK/QLiEERMobileOrderSDK.framework/Frameworks/Alamofire.framework; sourceTree = SOURCE_ROOT; };
		3C1F221A20AAB01500A9A1E0 /* RealmSwift.framework */ = {isa = PBXFileReference; lastKnownFileType = wrapper.framework; name = RealmSwift.framework; path = HelloSwiftSDK/QLiEERMobileOrderSDK.framework/Frameworks/RealmSwift.framework; sourceTree = SOURCE_ROOT; };
		3C1F221B20AAB01500A9A1E0 /* SwiftyJSON.framework */ = {isa = PBXFileReference; lastKnownFileType = wrapper.framework; name = SwiftyJSON.framework; path = HelloSwiftSDK/QLiEERMobileOrderSDK.framework/Frameworks/SwiftyJSON.framework; sourceTree = SOURCE_ROOT; };
		3C1F221C20AAB01500A9A1E0 /* ObjectMapper.framework */ = {isa = PBXFileReference; lastKnownFileType = wrapper.framework; name = ObjectMapper.framework; path = HelloSwiftSDK/QLiEERMobileOrderSDK.framework/Frameworks/ObjectMapper.framework; sourceTree = SOURCE_ROOT; };
		3C1F221D20AAB01500A9A1E0 /* Realm.framework */ = {isa = PBXFileReference; lastKnownFileType = wrapper.framework; name = Realm.framework; path = HelloSwiftSDK/QLiEERMobileOrderSDK.framework/Frameworks/Realm.framework; sourceTree = SOURCE_ROOT; };
		3C1F221E20AAB01500A9A1E0 /* Valet.framework */ = {isa = PBXFileReference; lastKnownFileType = wrapper.framework; name = Valet.framework; path = HelloSwiftSDK/QLiEERMobileOrderSDK.framework/Frameworks/Valet.framework; sourceTree = SOURCE_ROOT; };
		3C1F221F20AAB01500A9A1E0 /* PKHUD.framework */ = {isa = PBXFileReference; lastKnownFileType = wrapper.framework; name = PKHUD.framework; path = HelloSwiftSDK/QLiEERMobileOrderSDK.framework/Frameworks/PKHUD.framework; sourceTree = SOURCE_ROOT; };
		914ED3142088A20700F6C42D /* OCSDK.app */ = {isa = PBXFileReference; explicitFileType = wrapper.application; includeInIndex = 0; path = OCSDK.app; sourceTree = BUILT_PRODUCTS_DIR; };
		914ED3162088A20700F6C42D /* AppDelegate.h */ = {isa = PBXFileReference; lastKnownFileType = sourcecode.c.h; path = AppDelegate.h; sourceTree = "<group>"; };
		914ED3172088A20700F6C42D /* AppDelegate.m */ = {isa = PBXFileReference; lastKnownFileType = sourcecode.c.objc; path = AppDelegate.m; sourceTree = "<group>"; };
		914ED3192088A20700F6C42D /* ViewController.h */ = {isa = PBXFileReference; lastKnownFileType = sourcecode.c.h; path = ViewController.h; sourceTree = "<group>"; };
		914ED31A2088A20700F6C42D /* ViewController.m */ = {isa = PBXFileReference; lastKnownFileType = sourcecode.c.objc; path = ViewController.m; sourceTree = "<group>"; };
		914ED31D2088A20700F6C42D /* Base */ = {isa = PBXFileReference; lastKnownFileType = file.storyboard; name = Base; path = Base.lproj/Main.storyboard; sourceTree = "<group>"; };
		914ED31F2088A20800F6C42D /* Assets.xcassets */ = {isa = PBXFileReference; lastKnownFileType = folder.assetcatalog; path = Assets.xcassets; sourceTree = "<group>"; };
		914ED3222088A20800F6C42D /* Base */ = {isa = PBXFileReference; lastKnownFileType = file.storyboard; name = Base; path = Base.lproj/LaunchScreen.storyboard; sourceTree = "<group>"; };
		914ED3242088A20800F6C42D /* Info.plist */ = {isa = PBXFileReference; lastKnownFileType = text.plist.xml; path = Info.plist; sourceTree = "<group>"; };
		914ED3252088A20800F6C42D /* main.m */ = {isa = PBXFileReference; lastKnownFileType = sourcecode.c.objc; path = main.m; sourceTree = "<group>"; };
		91955FF1208874360076318E /* HelloSwiftSDK.app */ = {isa = PBXFileReference; explicitFileType = wrapper.application; includeInIndex = 0; path = HelloSwiftSDK.app; sourceTree = BUILT_PRODUCTS_DIR; };
		91955FF4208874360076318E /* AppDelegate.swift */ = {isa = PBXFileReference; lastKnownFileType = sourcecode.swift; path = AppDelegate.swift; sourceTree = "<group>"; };
		91955FF6208874360076318E /* ViewController.swift */ = {isa = PBXFileReference; lastKnownFileType = sourcecode.swift; path = ViewController.swift; sourceTree = "<group>"; };
		91955FF9208874360076318E /* Base */ = {isa = PBXFileReference; lastKnownFileType = file.storyboard; name = Base; path = Base.lproj/Main.storyboard; sourceTree = "<group>"; };
		91955FFB208874370076318E /* Assets.xcassets */ = {isa = PBXFileReference; lastKnownFileType = folder.assetcatalog; path = Assets.xcassets; sourceTree = "<group>"; };
		91955FFE208874370076318E /* Base */ = {isa = PBXFileReference; lastKnownFileType = file.storyboard; name = Base; path = Base.lproj/LaunchScreen.storyboard; sourceTree = "<group>"; };
		91956000208874370076318E /* Info.plist */ = {isa = PBXFileReference; lastKnownFileType = text.plist.xml; path = Info.plist; sourceTree = "<group>"; };
		91A1099C208DD140003FDF8C /* QLiEERMobileOrderSDK.framework */ = {isa = PBXFileReference; lastKnownFileType = wrapper.framework; path = QLiEERMobileOrderSDK.framework; sourceTree = "<group>"; };
/* End PBXFileReference section */

/* Begin PBXFrameworksBuildPhase section */
		914ED3112088A20700F6C42D /* Frameworks */ = {
			isa = PBXFrameworksBuildPhase;
			buildActionMask = 2147483647;
			files = (
				91A1099F208DD145003FDF8C /* QLiEERMobileOrderSDK.framework in Frameworks */,
				91A1099E208DD141003FDF8C /* QLiEERMobileOrderSDK.framework in Frameworks */,
			);
			runOnlyForDeploymentPostprocessing = 0;
		};
		91955FEE208874360076318E /* Frameworks */ = {
			isa = PBXFrameworksBuildPhase;
			buildActionMask = 2147483647;
			files = (
				3C8394BA215B96AE000DF3DF /* Alamofire.framework in Frameworks */,
				3C8394BB215B96AE000DF3DF /* ObjectMapper.framework in Frameworks */,
				3C8394BC215B96AE000DF3DF /* PKHUD.framework in Frameworks */,
				3C8394BD215B96AE000DF3DF /* Reachability.framework in Frameworks */,
				3C8394BE215B96AE000DF3DF /* Realm.framework in Frameworks */,
				3C8394BF215B96AE000DF3DF /* RealmSwift.framework in Frameworks */,
				3C8394C0215B96AE000DF3DF /* SwiftyJSON.framework in Frameworks */,
				3C8394C1215B96AE000DF3DF /* Valet.framework in Frameworks */,
				91A109D4208DDEE2003FDF8C /* QLiEERMobileOrderSDK.framework in Frameworks */,
			);
			runOnlyForDeploymentPostprocessing = 0;
		};
/* End PBXFrameworksBuildPhase section */

/* Begin PBXGroup section */
		914ED3152088A20700F6C42D /* OCSDK */ = {
			isa = PBXGroup;
			children = (
				914ED3162088A20700F6C42D /* AppDelegate.h */,
				914ED3172088A20700F6C42D /* AppDelegate.m */,
				914ED3192088A20700F6C42D /* ViewController.h */,
				914ED31A2088A20700F6C42D /* ViewController.m */,
				914ED31C2088A20700F6C42D /* Main.storyboard */,
				914ED31F2088A20800F6C42D /* Assets.xcassets */,
				914ED3212088A20800F6C42D /* LaunchScreen.storyboard */,
				914ED3242088A20800F6C42D /* Info.plist */,
				914ED3252088A20800F6C42D /* main.m */,
			);
			path = OCSDK;
			sourceTree = "<group>";
		};
		914ED32A2088A22B00F6C42D /* Frameworks */ = {
			isa = PBXGroup;
			children = (
			);
			name = Frameworks;
			sourceTree = "<group>";
		};
		91955FE8208874360076318E = {
			isa = PBXGroup;
			children = (
				91B2BC0C208DF30000A60765 /* Frameworks */,
				91955FF3208874360076318E /* HelloSwiftSDK */,
				914ED3152088A20700F6C42D /* OCSDK */,
				91955FF2208874360076318E /* Products */,
				914ED32A2088A22B00F6C42D /* Frameworks */,
			);
			sourceTree = "<group>";
		};
		91955FF2208874360076318E /* Products */ = {
			isa = PBXGroup;
			children = (
				91955FF1208874360076318E /* HelloSwiftSDK.app */,
				914ED3142088A20700F6C42D /* OCSDK.app */,
			);
			name = Products;
			sourceTree = "<group>";
		};
		91955FF3208874360076318E /* HelloSwiftSDK */ = {
			isa = PBXGroup;
			children = (
				91A1099C208DD140003FDF8C /* QLiEERMobileOrderSDK.framework */,
				91955FF4208874360076318E /* AppDelegate.swift */,
				91955FF6208874360076318E /* ViewController.swift */,
				91955FF8208874360076318E /* Main.storyboard */,
				91955FFB208874370076318E /* Assets.xcassets */,
				91955FFD208874370076318E /* LaunchScreen.storyboard */,
				91956000208874370076318E /* Info.plist */,
			);
			path = HelloSwiftSDK;
			sourceTree = "<group>";
		};
		91B2BC0C208DF30000A60765 /* Frameworks */ = {
			isa = PBXGroup;
			children = (
				3C1F221920AAB01400A9A1E0 /* Alamofire.framework */,
				3C1F221C20AAB01500A9A1E0 /* ObjectMapper.framework */,
				3C1F221F20AAB01500A9A1E0 /* PKHUD.framework */,
				3C1F221D20AAB01500A9A1E0 /* Realm.framework */,
				3C1F221A20AAB01500A9A1E0 /* RealmSwift.framework */,
				3C1F221B20AAB01500A9A1E0 /* SwiftyJSON.framework */,
				3C1F221E20AAB01500A9A1E0 /* Valet.framework */,
				3C1F221720AAAFF500A9A1E0 /* Reachability.framework */,
			);
			path = Frameworks;
			sourceTree = "<group>";
		};
/* End PBXGroup section */

/* Begin PBXNativeTarget section */
		914ED3132088A20700F6C42D /* OCSDK */ = {
			isa = PBXNativeTarget;
			buildConfigurationList = 914ED3292088A20800F6C42D /* Build configuration list for PBXNativeTarget "OCSDK" */;
			buildPhases = (
				914ED3102088A20700F6C42D /* Sources */,
				914ED3112088A20700F6C42D /* Frameworks */,
				914ED3122088A20700F6C42D /* Resources */,
				913304EB208D8DA20036BF7F /* Embed Frameworks */,
			);
			buildRules = (
			);
			dependencies = (
			);
			name = OCSDK;
			productName = OCSDK;
			productReference = 914ED3142088A20700F6C42D /* OCSDK.app */;
			productType = "com.apple.product-type.application";
		};
		91955FF0208874360076318E /* HelloSwiftSDK */ = {
			isa = PBXNativeTarget;
			buildConfigurationList = 91956003208874370076318E /* Build configuration list for PBXNativeTarget "HelloSwiftSDK" */;
			buildPhases = (
				91955FED208874360076318E /* Sources */,
				91955FEE208874360076318E /* Frameworks */,
				91955FEF208874360076318E /* Resources */,
				91AA4625208DC1DF00A8C671 /* Embed Libraries */,
			);
			buildRules = (
			);
			dependencies = (
			);
			name = HelloSwiftSDK;
			productName = HelloSwiftSDK;
			productReference = 91955FF1208874360076318E /* HelloSwiftSDK.app */;
			productType = "com.apple.product-type.application";
		};
/* End PBXNativeTarget section */

/* Begin PBXProject section */
		91955FE9208874360076318E /* Project object */ = {
			isa = PBXProject;
			attributes = {
				LastSwiftUpdateCheck = 0930;
				LastUpgradeCheck = 0930;
				ORGANIZATIONNAME = "Xue Xin Tsai";
				TargetAttributes = {
					914ED3132088A20700F6C42D = {
						CreatedOnToolsVersion = 9.3;
					};
					91955FF0208874360076318E = {
						CreatedOnToolsVersion = 9.3;
					};
				};
			};
			buildConfigurationList = 91955FEC208874360076318E /* Build configuration list for PBXProject "HelloSwiftSDK" */;
			compatibilityVersion = "Xcode 9.3";
			developmentRegion = en;
			hasScannedForEncodings = 0;
			knownRegions = (
				en,
				Base,
			);
			mainGroup = 91955FE8208874360076318E;
			productRefGroup = 91955FF2208874360076318E /* Products */;
			projectDirPath = "";
			projectRoot = "";
			targets = (
				91955FF0208874360076318E /* HelloSwiftSDK */,
				914ED3132088A20700F6C42D /* OCSDK */,
			);
		};
/* End PBXProject section */

/* Begin PBXResourcesBuildPhase section */
		914ED3122088A20700F6C42D /* Resources */ = {
			isa = PBXResourcesBuildPhase;
			buildActionMask = 2147483647;
			files = (
				914ED3232088A20800F6C42D /* LaunchScreen.storyboard in Resources */,
				914ED3202088A20800F6C42D /* Assets.xcassets in Resources */,
				914ED31E2088A20700F6C42D /* Main.storyboard in Resources */,
			);
			runOnlyForDeploymentPostprocessing = 0;
		};
		91955FEF208874360076318E /* Resources */ = {
			isa = PBXResourcesBuildPhase;
			buildActionMask = 2147483647;
			files = (
				91955FFF208874370076318E /* LaunchScreen.storyboard in Resources */,
				91955FFC208874370076318E /* Assets.xcassets in Resources */,
				91955FFA208874360076318E /* Main.storyboard in Resources */,
			);
			runOnlyForDeploymentPostprocessing = 0;
		};
/* End PBXResourcesBuildPhase section */

/* Begin PBXSourcesBuildPhase section */
		914ED3102088A20700F6C42D /* Sources */ = {
			isa = PBXSourcesBuildPhase;
			buildActionMask = 2147483647;
			files = (
				914ED31B2088A20700F6C42D /* ViewController.m in Sources */,
				914ED3262088A20800F6C42D /* main.m in Sources */,
				914ED3182088A20700F6C42D /* AppDelegate.m in Sources */,
			);
			runOnlyForDeploymentPostprocessing = 0;
		};
		91955FED208874360076318E /* Sources */ = {
			isa = PBXSourcesBuildPhase;
			buildActionMask = 2147483647;
			files = (
				91955FF7208874360076318E /* ViewController.swift in Sources */,
				91955FF5208874360076318E /* AppDelegate.swift in Sources */,
			);
			runOnlyForDeploymentPostprocessing = 0;
		};
/* End PBXSourcesBuildPhase section */

/* Begin PBXVariantGroup section */
		914ED31C2088A20700F6C42D /* Main.storyboard */ = {
			isa = PBXVariantGroup;
			children = (
				914ED31D2088A20700F6C42D /* Base */,
			);
			name = Main.storyboard;
			sourceTree = "<group>";
		};
		914ED3212088A20800F6C42D /* LaunchScreen.storyboard */ = {
			isa = PBXVariantGroup;
			children = (
				914ED3222088A20800F6C42D /* Base */,
			);
			name = LaunchScreen.storyboard;
			sourceTree = "<group>";
		};
		91955FF8208874360076318E /* Main.storyboard */ = {
			isa = PBXVariantGroup;
			children = (
				91955FF9208874360076318E /* Base */,
			);
			name = Main.storyboard;
			sourceTree = "<group>";
		};
		91955FFD208874370076318E /* LaunchScreen.storyboard */ = {
			isa = PBXVariantGroup;
			children = (
				91955FFE208874370076318E /* Base */,
			);
			name = LaunchScreen.storyboard;
			sourceTree = "<group>";
		};
/* End PBXVariantGroup section */

/* Begin XCBuildConfiguration section */
		914ED3272088A20800F6C42D /* Debug */ = {
			isa = XCBuildConfiguration;
			buildSettings = {
				ALWAYS_EMBED_SWIFT_STANDARD_LIBRARIES = YES;
				ASSETCATALOG_COMPILER_APPICON_NAME = AppIcon;
				CODE_SIGN_STYLE = Automatic;
				DEVELOPMENT_TEAM = C3M8X2J4Y3;
				FRAMEWORK_SEARCH_PATHS = (
					"$(inherited)",
					"$(PROJECT_DIR)",
					"$(PROJECT_DIR)/OCSDK",
					"$(PROJECT_DIR)/HelloSwiftSDK",
					"$(PROJECT_DIR)/Frameworks",
				);
				INFOPLIST_FILE = OCSDK/Info.plist;
				IPHONEOS_DEPLOYMENT_TARGET = 11.0;
				LD_RUNPATH_SEARCH_PATHS = (
					"$(inherited)",
					"@executable_path/Frameworks",
				);
				PRODUCT_BUNDLE_IDENTIFIER = xue.com.OCSDK;
				PRODUCT_NAME = "$(TARGET_NAME)";
				TARGETED_DEVICE_FAMILY = "1,2";
			};
			name = Debug;
		};
		914ED3282088A20800F6C42D /* Release */ = {
			isa = XCBuildConfiguration;
			buildSettings = {
				ALWAYS_EMBED_SWIFT_STANDARD_LIBRARIES = YES;
				ASSETCATALOG_COMPILER_APPICON_NAME = AppIcon;
				CODE_SIGN_STYLE = Automatic;
				DEVELOPMENT_TEAM = C3M8X2J4Y3;
				FRAMEWORK_SEARCH_PATHS = (
					"$(inherited)",
					"$(PROJECT_DIR)",
					"$(PROJECT_DIR)/OCSDK",
					"$(PROJECT_DIR)/HelloSwiftSDK",
					"$(PROJECT_DIR)/Frameworks",
				);
				INFOPLIST_FILE = OCSDK/Info.plist;
				IPHONEOS_DEPLOYMENT_TARGET = 11.0;
				LD_RUNPATH_SEARCH_PATHS = (
					"$(inherited)",
					"@executable_path/Frameworks",
				);
				PRODUCT_BUNDLE_IDENTIFIER = xue.com.OCSDK;
				PRODUCT_NAME = "$(TARGET_NAME)";
				TARGETED_DEVICE_FAMILY = "1,2";
			};
			name = Release;
		};
		91956001208874370076318E /* Debug */ = {
			isa = XCBuildConfiguration;
			buildSettings = {
				ALWAYS_SEARCH_USER_PATHS = NO;
				CLANG_ANALYZER_NONNULL = YES;
				CLANG_ANALYZER_NUMBER_OBJECT_CONVERSION = YES_AGGRESSIVE;
				CLANG_CXX_LANGUAGE_STANDARD = "gnu++14";
				CLANG_CXX_LIBRARY = "libc++";
				CLANG_ENABLE_MODULES = YES;
				CLANG_ENABLE_OBJC_ARC = YES;
				CLANG_ENABLE_OBJC_WEAK = YES;
				CLANG_WARN_BLOCK_CAPTURE_AUTORELEASING = YES;
				CLANG_WARN_BOOL_CONVERSION = YES;
				CLANG_WARN_COMMA = YES;
				CLANG_WARN_CONSTANT_CONVERSION = YES;
				CLANG_WARN_DEPRECATED_OBJC_IMPLEMENTATIONS = YES;
				CLANG_WARN_DIRECT_OBJC_ISA_USAGE = YES_ERROR;
				CLANG_WARN_DOCUMENTATION_COMMENTS = YES;
				CLANG_WARN_EMPTY_BODY = YES;
				CLANG_WARN_ENUM_CONVERSION = YES;
				CLANG_WARN_INFINITE_RECURSION = YES;
				CLANG_WARN_INT_CONVERSION = YES;
				CLANG_WARN_NON_LITERAL_NULL_CONVERSION = YES;
				CLANG_WARN_OBJC_IMPLICIT_RETAIN_SELF = YES;
				CLANG_WARN_OBJC_LITERAL_CONVERSION = YES;
				CLANG_WARN_OBJC_ROOT_CLASS = YES_ERROR;
				CLANG_WARN_RANGE_LOOP_ANALYSIS = YES;
				CLANG_WARN_STRICT_PROTOTYPES = YES;
				CLANG_WARN_SUSPICIOUS_MOVE = YES;
				CLANG_WARN_UNGUARDED_AVAILABILITY = YES_AGGRESSIVE;
				CLANG_WARN_UNREACHABLE_CODE = YES;
				CLANG_WARN__DUPLICATE_METHOD_MATCH = YES;
				CODE_SIGN_IDENTITY = "iPhone Developer";
				COPY_PHASE_STRIP = NO;
				DEBUG_INFORMATION_FORMAT = dwarf;
				ENABLE_STRICT_OBJC_MSGSEND = YES;
				ENABLE_TESTABILITY = YES;
				GCC_C_LANGUAGE_STANDARD = gnu11;
				GCC_DYNAMIC_NO_PIC = NO;
				GCC_NO_COMMON_BLOCKS = YES;
				GCC_OPTIMIZATION_LEVEL = 0;
				GCC_PREPROCESSOR_DEFINITIONS = (
					"DEBUG=1",
					"$(inherited)",
				);
				GCC_WARN_64_TO_32_BIT_CONVERSION = YES;
				GCC_WARN_ABOUT_RETURN_TYPE = YES_ERROR;
				GCC_WARN_UNDECLARED_SELECTOR = YES;
				GCC_WARN_UNINITIALIZED_AUTOS = YES_AGGRESSIVE;
				GCC_WARN_UNUSED_FUNCTION = YES;
				GCC_WARN_UNUSED_VARIABLE = YES;
				IPHONEOS_DEPLOYMENT_TARGET = 10.3;
				MTL_ENABLE_DEBUG_INFO = YES;
				ONLY_ACTIVE_ARCH = YES;
				SDKROOT = iphoneos;
				SWIFT_ACTIVE_COMPILATION_CONDITIONS = DEBUG;
				SWIFT_OPTIMIZATION_LEVEL = "-Onone";
			};
			name = Debug;
		};
		91956002208874370076318E /* Release */ = {
			isa = XCBuildConfiguration;
			buildSettings = {
				ALWAYS_SEARCH_USER_PATHS = NO;
				CLANG_ANALYZER_NONNULL = YES;
				CLANG_ANALYZER_NUMBER_OBJECT_CONVERSION = YES_AGGRESSIVE;
				CLANG_CXX_LANGUAGE_STANDARD = "gnu++14";
				CLANG_CXX_LIBRARY = "libc++";
				CLANG_ENABLE_MODULES = YES;
				CLANG_ENABLE_OBJC_ARC = YES;
				CLANG_ENABLE_OBJC_WEAK = YES;
				CLANG_WARN_BLOCK_CAPTURE_AUTORELEASING = YES;
				CLANG_WARN_BOOL_CONVERSION = YES;
				CLANG_WARN_COMMA = YES;
				CLANG_WARN_CONSTANT_CONVERSION = YES;
				CLANG_WARN_DEPRECATED_OBJC_IMPLEMENTATIONS = YES;
				CLANG_WARN_DIRECT_OBJC_ISA_USAGE = YES_ERROR;
				CLANG_WARN_DOCUMENTATION_COMMENTS = YES;
				CLANG_WARN_EMPTY_BODY = YES;
				CLANG_WARN_ENUM_CONVERSION = YES;
				CLANG_WARN_INFINITE_RECURSION = YES;
				CLANG_WARN_INT_CONVERSION = YES;
				CLANG_WARN_NON_LITERAL_NULL_CONVERSION = YES;
				CLANG_WARN_OBJC_IMPLICIT_RETAIN_SELF = YES;
				CLANG_WARN_OBJC_LITERAL_CONVERSION = YES;
				CLANG_WARN_OBJC_ROOT_CLASS = YES_ERROR;
				CLANG_WARN_RANGE_LOOP_ANALYSIS = YES;
				CLANG_WARN_STRICT_PROTOTYPES = YES;
				CLANG_WARN_SUSPICIOUS_MOVE = YES;
				CLANG_WARN_UNGUARDED_AVAILABILITY = YES_AGGRESSIVE;
				CLANG_WARN_UNREACHABLE_CODE = YES;
				CLANG_WARN__DUPLICATE_METHOD_MATCH = YES;
				CODE_SIGN_IDENTITY = "iPhone Developer";
				COPY_PHASE_STRIP = NO;
				DEBUG_INFORMATION_FORMAT = "dwarf-with-dsym";
				ENABLE_NS_ASSERTIONS = NO;
				ENABLE_STRICT_OBJC_MSGSEND = YES;
				GCC_C_LANGUAGE_STANDARD = gnu11;
				GCC_NO_COMMON_BLOCKS = YES;
				GCC_WARN_64_TO_32_BIT_CONVERSION = YES;
				GCC_WARN_ABOUT_RETURN_TYPE = YES_ERROR;
				GCC_WARN_UNDECLARED_SELECTOR = YES;
				GCC_WARN_UNINITIALIZED_AUTOS = YES_AGGRESSIVE;
				GCC_WARN_UNUSED_FUNCTION = YES;
				GCC_WARN_UNUSED_VARIABLE = YES;
				IPHONEOS_DEPLOYMENT_TARGET = 10.3;
				MTL_ENABLE_DEBUG_INFO = NO;
				SDKROOT = iphoneos;
				SWIFT_COMPILATION_MODE = wholemodule;
				SWIFT_OPTIMIZATION_LEVEL = "-O";
				VALIDATE_PRODUCT = YES;
			};
			name = Release;
		};
		91956004208874370076318E /* Debug */ = {
			isa = XCBuildConfiguration;
			buildSettings = {
				ASSETCATALOG_COMPILER_APPICON_NAME = AppIcon;
				CODE_SIGN_STYLE = Automatic;
				DEVELOPMENT_TEAM = QRP2NT8BR4;
				ENABLE_BITCODE = NO;
				FRAMEWORK_SEARCH_PATHS = (
					"$(inherited)",
					"$(PROJECT_DIR)",
					"$(PROJECT_DIR)/HelloSwiftSDK",
					"$(PROJECT_DIR)/HelloSwiftSDK/iOS",
					"$(PROJECT_DIR)/Frameworks",
					"$(PROJECT_DIR)/HelloSwiftSDK/QLiEERMobileOrderSDK.framework/Frameworks",
				);
				INFOPLIST_FILE = HelloSwiftSDK/Info.plist;
				IPHONEOS_DEPLOYMENT_TARGET = 10.3;
				LD_RUNPATH_SEARCH_PATHS = (
					"$(inherited)",
					"@executable_path/Frameworks",
				);
				PRODUCT_BUNDLE_IDENTIFIER = com.qlieer.QlieerLite;
				PRODUCT_NAME = "$(TARGET_NAME)";
				SWIFT_VERSION = 4.0;
				TARGETED_DEVICE_FAMILY = "1,2";
			};
			name = Debug;
		};
		91956005208874370076318E /* Release */ = {
			isa = XCBuildConfiguration;
			buildSettings = {
				ASSETCATALOG_COMPILER_APPICON_NAME = AppIcon;
				CODE_SIGN_STYLE = Automatic;
				DEVELOPMENT_TEAM = QRP2NT8BR4;
				ENABLE_BITCODE = NO;
				FRAMEWORK_SEARCH_PATHS = (
					"$(inherited)",
					"$(PROJECT_DIR)",
					"$(PROJECT_DIR)/HelloSwiftSDK",
					"$(PROJECT_DIR)/HelloSwiftSDK/iOS",
					"$(PROJECT_DIR)/Frameworks",
					"$(PROJECT_DIR)/HelloSwiftSDK/QLiEERMobileOrderSDK.framework/Frameworks",
				);
				INFOPLIST_FILE = HelloSwiftSDK/Info.plist;
				IPHONEOS_DEPLOYMENT_TARGET = 10.3;
				LD_RUNPATH_SEARCH_PATHS = (
					"$(inherited)",
					"@executable_path/Frameworks",
				);
				PRODUCT_BUNDLE_IDENTIFIER = com.qlieer.QlieerLite;
				PRODUCT_NAME = "$(TARGET_NAME)";
				SWIFT_VERSION = 4.0;
				TARGETED_DEVICE_FAMILY = "1,2";
			};
			name = Release;
		};
/* End XCBuildConfiguration section */

/* Begin XCConfigurationList section */
		914ED3292088A20800F6C42D /* Build configuration list for PBXNativeTarget "OCSDK" */ = {
			isa = XCConfigurationList;
			buildConfigurations = (
				914ED3272088A20800F6C42D /* Debug */,
				914ED3282088A20800F6C42D /* Release */,
			);
			defaultConfigurationIsVisible = 0;
			defaultConfigurationName = Release;
		};
		91955FEC208874360076318E /* Build configuration list for PBXProject "HelloSwiftSDK" */ = {
			isa = XCConfigurationList;
			buildConfigurations = (
				91956001208874370076318E /* Debug */,
				91956002208874370076318E /* Release */,
			);
			defaultConfigurationIsVisible = 0;
			defaultConfigurationName = Release;
		};
		91956003208874370076318E /* Build configuration list for PBXNativeTarget "HelloSwiftSDK" */ = {
			isa = XCConfigurationList;
			buildConfigurations = (
				91956004208874370076318E /* Debug */,
				91956005208874370076318E /* Release */,
			);
			defaultConfigurationIsVisible = 0;
			defaultConfigurationName = Release;
		};
/* End XCConfigurationList section */
	};
	rootObject = 91955FE9208874360076318E /* Project object */;
}
